
Microsoft Visual Studio Solution File, Format Version 12.00
# Visual Studio Version 17
VisualStudioVersion = 17.0.31903.59
MinimumVisualStudioVersion = 10.0.40219.1
Project("{FAE04EC0-301F-11D3-BF4B-00C04F79EFBC}") = "app", "app\app.csproj", "{ABDBC4A3-8277-45D5-AC5A-1408BDE73418}"
EndProject
Project("{FAE04EC0-301F-11D3-BF4B-00C04F79EFBC}") = "src", "src\src.csproj", "{6EB2F4B6-6AB2-46E1-8D1C-26BE7CD9F485}"
EndProject
Global
	GlobalSection(SolutionConfigurationPlatforms) = preSolution
		Debug|Any CPU = Debug|Any CPU
		Release|Any CPU = Release|Any CPU
	EndGlobalSection
	GlobalSection(SolutionProperties) = preSolution
		HideSolutionNode = FALSE
	EndGlobalSection
	GlobalSection(ProjectConfigurationPlatforms) = postSolution
		{ABDBC4A3-8277-45D5-AC5A-1408BDE73418}.Debug|Any CPU.ActiveCfg = Debug|Any CPU
		{ABDBC4A3-8277-45D5-AC5A-1408BDE73418}.Debug|Any CPU.Build.0 = Debug|Any CPU
		{ABDBC4A3-8277-45D5-AC5A-1408BDE73418}.Release|Any CPU.ActiveCfg = Release|Any CPU
		{ABDBC4A3-8277-45D5-AC5A-1408BDE73418}.Release|Any CPU.Build.0 = Release|Any CPU
		{6EB2F4B6-6AB2-46E1-8D1C-26BE7CD9F485}.Debug|Any CPU.ActiveCfg = Debug|Any CPU
		{6EB2F4B6-6AB2-46E1-8D1C-26BE7CD9F485}.Debug|Any CPU.Build.0 = Debug|Any CPU
		{6EB2F4B6-6AB2-46E1-8D1C-26BE7CD9F485}.Release|Any CPU.ActiveCfg = Release|Any CPU
		{6EB2F4B6-6AB2-46E1-8D1C-26BE7CD9F485}.Release|Any CPU.Build.0 = Release|Any CPU
	EndGlobalSection
EndGlobal
